{
    "_meta": {
        "hash": {
            "sha256": "3227c2f440c508b0aa998204dccb39c38f4d5354e2ed61f2d3db22a6898d8de5"
        },
        "pipfile-spec": 6,
        "requires": {
            "python_version": "3.9"
        },
        "sources": [
            {
                "name": "pypi",
                "url": "https://pypi.org/simple",
                "verify_ssl": true
            }
        ]
    },
    "default": {
        "falcon": {
            "hashes": [
                "sha256:0212df91414c13c08a9cf4023488b2d47956712f712332f420bb0c7bdf39c6fa",
                "sha256:085b30b09ff4bdb31fda0a83a65f427d8dd4b5b5b21058781c38aff9747b5991",
                "sha256:0df4dee0ef89b4de5e2ba4402ac249942b09758a0decdc7a63d5edb3792c4c1c",
                "sha256:16f8735512af3f52473e3eda37e75bf697f6ced5afc3e9dc7110c430777823ab",
                "sha256:1bdf8085877bd049f799a34680d42fa82e2b93dcf8320d092f7e75933d0afcee",
                "sha256:260645c13d477af434fc200ec67734efc41e620b3f6e0479e722897511166b46",
                "sha256:3710b051f54c158310b45b1432a993803cdccb3e167d3e89aa93076ff77d2673",
                "sha256:485ef504d196390ebc0974cefd3f5fab4ad8a3ede4e5a7c0a803f555bcd8da45",
                "sha256:514dee9b6d66408e43fcef9aef2436004cd2e3163625f194dd064fce67269cce",
                "sha256:56b267fa2df7e0400a639cf40a994baac19170425b0b8bbad5a8a81e07f9717d",
                "sha256:65b1798026e3dbd2d323fa9b03f90e3827be4fe0d3c1f9e3ba3d4a7a001de566",
                "sha256:93ec7fc600ffee2377beeeeca32d8171ff305e9267bcd37bba5a7ce8af1e177f",
                "sha256:94fb4582212768ac425d023b7884e60d09a0bd4c5cd50ca8af0272af1cba5da6",
                "sha256:a70fc0f9f115e763effdf9fc6140a2b5df9f37bd2707f3b29e0a1357dbf53784",
                "sha256:a95b6a373b8f6014b0bc7090b1de031c9d237007211ef55a19b60241cf728e61",
                "sha256:a9d5be8902e977ac93aeebf2b8959e2c3d82783d7ea6a1fc80cef5352b83549b",
                "sha256:b1280db58c2af48b1ba24e39674fb6d84389eff5c4772a327a5af606eeead272",
                "sha256:c3abcd37545de531e7dada4113c88f01e86c7596c7c59300769d64ea7771a75e",
                "sha256:c41d84db325881a870e8b7129d5ecfd972fa4323cf77b7119a1d2a21966ee681",
                "sha256:c9a3cf58f9f3c9769bff3b24037b150c9f6658df4c899d68fa433f5acdfdb004",
                "sha256:ce052e91b8325a76ddc2066e35bb032e0be4671cd824f027d1826c68a0fd09e3",
                "sha256:d6c7f9b2063a4c0ac2516df014c5299ae098579e83025d342f31fe1ef8e994d7",
                "sha256:e6afb13a80b6a4383a66093af7bb0e8e02433ca5ebc7516842a6a3f112c844ae",
                "sha256:ee78a9934f8143c5eef9bfe949044c7eab3fef80a51cbc67cf6cb6b34c5613ce",
                "sha256:f1f70c6f086c53b0cc819a0725d3814ad62e105b62d4c4e2c46322f13e7910e7",
                "sha256:fa46751209af4f4882d3d60e430ea586e170bc03e1bd5b08cb16f6b96068febc",
                "sha256:ff4672f3549b00b62e710d3169903d14e37726f04045a0563b56d9af3fba271d"
            ],
            "index": "pypi",
            "version": "==3.0.1"
        },
        "gunicorn": {
            "hashes": [
                "sha256:9dcc4547dbb1cb284accfb15ab5667a0e5d1881cc443e0677b4882a4067a807e",
                "sha256:e0a968b5ba15f8a328fdfd7ab1fcb5af4470c28aaf7e55df02a99bc13138e6e8"
            ],
            "index": "pypi",
            "version": "==20.1.0"
        },
        "jaeger-client": {
            "hashes": [
                "sha256:3157836edab8e2c209bd2d6ae61113db36f7ee399e66b1dcbb715d87ab49bfe0"
            ],
            "index": "pypi",
            "version": "==4.8.0"
        },
        "opentracing": {
            "hashes": [
                "sha256:a173117e6ef580d55874734d1fa7ecb6f3655160b8b8974a2a1e98e5ec9c840d"
            ],
            "version": "==2.4.0"
        },
        "six": {
            "hashes": [
                "sha256:1e61c37477a1626458e36f7b1d82aa5c9b094fa4802892072e49de9c60c4c926",
                "sha256:8abb2f1d86890a2dfb989f9a77cfcfd3e47c2a354b01111771326f8aa26e0254"
            ],
            "markers": "python_version >= '2.7' and python_version not in '3.0, 3.1, 3.2, 3.3'",
            "version": "==1.16.0"
        },
        "threadloop": {
            "hashes": [
                "sha256:5c90dbefab6ffbdba26afb4829d2a9df8275d13ac7dc58dccb0e279992679599",
                "sha256:8b180aac31013de13c2ad5c834819771992d350267bddb854613ae77ef571944"
            ],
            "version": "==1.0.2"
        },
        "thrift": {
            "hashes": [
                "sha256:87c8205a71cf8bbb111cb99b1f7495070fbc9cabb671669568854210da5b3e29"
            ],
            "version": "==0.15.0"
        },
        "tornado": {
            "hashes": [
                "sha256:0a00ff4561e2929a2c37ce706cb8233b7907e0cdc22eab98888aca5dd3775feb",
                "sha256:0d321a39c36e5f2c4ff12b4ed58d41390460f798422c4504e09eb5678e09998c",
                "sha256:1e8225a1070cd8eec59a996c43229fe8f95689cb16e552d130b9793cb570a288",
                "sha256:20241b3cb4f425e971cb0a8e4ffc9b0a861530ae3c52f2b0434e6c1b57e9fd95",
                "sha256:25ad220258349a12ae87ede08a7b04aca51237721f63b1808d39bdb4b2164558",
                "sha256:33892118b165401f291070100d6d09359ca74addda679b60390b09f8ef325ffe",
                "sha256:33c6e81d7bd55b468d2e793517c909b139960b6c790a60b7991b9b6b76fb9791",
                "sha256:3447475585bae2e77ecb832fc0300c3695516a47d46cefa0528181a34c5b9d3d",
                "sha256:34ca2dac9e4d7afb0bed4677512e36a52f09caa6fded70b4e3e1c89dbd92c326",
                "sha256:3e63498f680547ed24d2c71e6497f24bca791aca2fe116dbc2bd0ac7f191691b",
                "sha256:548430be2740e327b3fe0201abe471f314741efcb0067ec4f2d7dcfb4825f3e4",
                "sha256:6196a5c39286cc37c024cd78834fb9345e464525d8991c21e908cc046d1cc02c",
                "sha256:61b32d06ae8a036a6607805e6720ef00a3c98207038444ba7fd3d169cd998910",
                "sha256:6286efab1ed6e74b7028327365cf7346b1d777d63ab30e21a0f4d5b275fc17d5",
                "sha256:65d98939f1a2e74b58839f8c4dab3b6b3c1ce84972ae712be02845e65391ac7c",
                "sha256:66324e4e1beede9ac79e60f88de548da58b1f8ab4b2f1354d8375774f997e6c0",
                "sha256:6c77c9937962577a6a76917845d06af6ab9197702a42e1346d8ae2e76b5e3675",
                "sha256:70dec29e8ac485dbf57481baee40781c63e381bebea080991893cd297742b8fd",
                "sha256:7250a3fa399f08ec9cb3f7b1b987955d17e044f1ade821b32e5f435130250d7f",
                "sha256:748290bf9112b581c525e6e6d3820621ff020ed95af6f17fedef416b27ed564c",
                "sha256:7da13da6f985aab7f6f28debab00c67ff9cbacd588e8477034c0652ac141feea",
                "sha256:8f959b26f2634a091bb42241c3ed8d3cedb506e7c27b8dd5c7b9f745318ddbb6",
                "sha256:9de9e5188a782be6b1ce866e8a51bc76a0fbaa0e16613823fc38e4fc2556ad05",
                "sha256:a48900ecea1cbb71b8c71c620dee15b62f85f7c14189bdeee54966fbd9a0c5bd",
                "sha256:b87936fd2c317b6ee08a5741ea06b9d11a6074ef4cc42e031bc6403f82a32575",
                "sha256:c77da1263aa361938476f04c4b6c8916001b90b2c2fdd92d8d535e1af48fba5a",
                "sha256:cb5ec8eead331e3bb4ce8066cf06d2dfef1bfb1b2a73082dfe8a161301b76e37",
                "sha256:cc0ee35043162abbf717b7df924597ade8e5395e7b66d18270116f8745ceb795",
                "sha256:d14d30e7f46a0476efb0deb5b61343b1526f73ebb5ed84f23dc794bdb88f9d9f",
                "sha256:d371e811d6b156d82aa5f9a4e08b58debf97c302a35714f6f45e35139c332e32",
                "sha256:d3d20ea5782ba63ed13bc2b8c291a053c8d807a8fa927d941bd718468f7b950c",
                "sha256:d3f7594930c423fd9f5d1a76bee85a2c36fd8b4b16921cae7e965f22575e9c01",
                "sha256:dcef026f608f678c118779cd6591c8af6e9b4155c44e0d1bc0c87c036fb8c8c4",
                "sha256:e0791ac58d91ac58f694d8d2957884df8e4e2f6687cdf367ef7eb7497f79eaa2",
                "sha256:e385b637ac3acaae8022e7e47dfa7b83d3620e432e3ecb9a3f7f58f150e50921",
                "sha256:e519d64089b0876c7b467274468709dadf11e41d65f63bba207e04217f47c085",
                "sha256:e7229e60ac41a1202444497ddde70a48d33909e484f96eb0da9baf8dc68541df",
                "sha256:ed3ad863b1b40cd1d4bd21e7498329ccaece75db5a5bf58cd3c9f130843e7102",
                "sha256:f0ba29bafd8e7e22920567ce0d232c26d4d47c8b5cf4ed7b562b5db39fa199c5",
                "sha256:fa2ba70284fa42c2a5ecb35e322e68823288a4251f9ba9cc77be04ae15eada68",
                "sha256:fba85b6cd9c39be262fcd23865652920832b61583de2a2ca907dbd8e8a8c81e5"
            ],
            "markers": "python_version >= '3.5'",
            "version": "==6.1"
        }
    },
    "develop": {}
}
